
Microsoft Visual Studio Solution File, Format Version 12.00
# Visual Studio 15
VisualStudioVersion = 15.0.28307.168
MinimumVisualStudioVersion = 10.0.40219.1
Project("{FAE04EC0-301F-11D3-BF4B-00C04F79EFBC}") = "inclass3_webapi", "inclass3_webapi\inclass3_webapi.csproj", "{7746A6DF-CE4E-4773-903D-8679BE336CCE}"
EndProject
Global
	GlobalSection(SolutionConfigurationPlatforms) = preSolution
		Debug|Any CPU = Debug|Any CPU
		Release|Any CPU = Release|Any CPU
	EndGlobalSection
	GlobalSection(ProjectConfigurationPlatforms) = postSolution
		{7746A6DF-CE4E-4773-903D-8679BE336CCE}.Debug|Any CPU.ActiveCfg = Debug|Any CPU
		{7746A6DF-CE4E-4773-903D-8679BE336CCE}.Debug|Any CPU.Build.0 = Debug|Any CPU
		{7746A6DF-CE4E-4773-903D-8679BE336CCE}.Release|Any CPU.ActiveCfg = Release|Any CPU
		{7746A6DF-CE4E-4773-903D-8679BE336CCE}.Release|Any CPU.Build.0 = Release|Any CPU
	EndGlobalSection
	GlobalSection(SolutionProperties) = preSolution
		HideSolutionNode = FALSE
	EndGlobalSection
	GlobalSection(ExtensibilityGlobals) = postSolution
		SolutionGuid = {6CA222E6-77A9-4312-B40B-453D9B8F7CDE}
	EndGlobalSection
EndGlobal
